
Microsoft Visual Studio Solution File, Format Version 12.00
# Visual Studio Version 16
VisualStudioVersion = 16.0.30114.105
MinimumVisualStudioVersion = 10.0.40219.1
Project("{FAE04EC0-301F-11D3-BF4B-00C04F79EFBC}") = "BowlingScorer", "BowlingScorer\BowlingScorer.csproj", "{AE2EFCEF-4B5C-487D-8FB5-2B5DD0C3020F}"
EndProject
Project("{FAE04EC0-301F-11D3-BF4B-00C04F79EFBC}") = "BowlingScorer.Test", "BowlingScorer.Test\BowlingScorer.Test.csproj", "{D58555C5-595F-49A6-A284-B4E643274708}"
EndProject
Global
	GlobalSection(SolutionConfigurationPlatforms) = preSolution
		Debug|Any CPU = Debug|Any CPU
		Release|Any CPU = Release|Any CPU
	EndGlobalSection
	GlobalSection(SolutionProperties) = preSolution
		HideSolutionNode = FALSE
	EndGlobalSection
	GlobalSection(ProjectConfigurationPlatforms) = postSolution
		{AE2EFCEF-4B5C-487D-8FB5-2B5DD0C3020F}.Debug|Any CPU.ActiveCfg = Debug|Any CPU
		{AE2EFCEF-4B5C-487D-8FB5-2B5DD0C3020F}.Debug|Any CPU.Build.0 = Debug|Any CPU
		{AE2EFCEF-4B5C-487D-8FB5-2B5DD0C3020F}.Release|Any CPU.ActiveCfg = Release|Any CPU
		{AE2EFCEF-4B5C-487D-8FB5-2B5DD0C3020F}.Release|Any CPU.Build.0 = Release|Any CPU
		{D58555C5-595F-49A6-A284-B4E643274708}.Debug|Any CPU.ActiveCfg = Debug|Any CPU
		{D58555C5-595F-49A6-A284-B4E643274708}.Debug|Any CPU.Build.0 = Debug|Any CPU
		{D58555C5-595F-49A6-A284-B4E643274708}.Release|Any CPU.ActiveCfg = Release|Any CPU
		{D58555C5-595F-49A6-A284-B4E643274708}.Release|Any CPU.Build.0 = Release|Any CPU
	EndGlobalSection
EndGlobal
